dependencies:
- name: argo-cd
  repository: https://argoproj.github.io/argo-helm
  version: 5.55.0
- name: argocd-apps
  repository: https://argoproj.github.io/argo-helm
  version: 1.6.1
digest: sha256:a21957bbce3c1b85703cce26192b0fe522027fd7c4e7a193bfbd9b7fffac3bf4
generated: "2024-02-08T21:52:15.566254+08:00"
